
Microsoft Visual Studio Solution File, Format Version 12.00
# Visual Studio 15
VisualStudioVersion = 15.0.28307.1000
MinimumVisualStudioVersion = 10.0.40219.1
Project("{9A19103F-16F7-4668-BE54-9A1E7A4F7556}") = "TodoList.API", "TodoList.API\TodoList.API.csproj", "{3836C760-A274-4E23-B58F-C49DEA7B097C}"
EndProject
Project("{FAE04EC0-301F-11D3-BF4B-00C04F79EFBC}") = "TodoList.API.Tests", "TodoList.API.Tests\TodoList.API.Tests.csproj", "{38A3B5BE-83D3-436D-BD79-7F5444AA4A1C}"
EndProject
Global
	GlobalSection(SolutionConfigurationPlatforms) = preSolution
		Debug|Any CPU = Debug|Any CPU
		Release|Any CPU = Release|Any CPU
	EndGlobalSection
	GlobalSection(ProjectConfigurationPlatforms) = postSolution
		{3836C760-A274-4E23-B58F-C49DEA7B097C}.Debug|Any CPU.ActiveCfg = Debug|Any CPU
		{3836C760-A274-4E23-B58F-C49DEA7B097C}.Debug|Any CPU.Build.0 = Debug|Any CPU
		{3836C760-A274-4E23-B58F-C49DEA7B097C}.Release|Any CPU.ActiveCfg = Release|Any CPU
		{3836C760-A274-4E23-B58F-C49DEA7B097C}.Release|Any CPU.Build.0 = Release|Any CPU
		{38A3B5BE-83D3-436D-BD79-7F5444AA4A1C}.Debug|Any CPU.ActiveCfg = Debug|Any CPU
		{38A3B5BE-83D3-436D-BD79-7F5444AA4A1C}.Debug|Any CPU.Build.0 = Debug|Any CPU
		{38A3B5BE-83D3-436D-BD79-7F5444AA4A1C}.Release|Any CPU.ActiveCfg = Release|Any CPU
		{38A3B5BE-83D3-436D-BD79-7F5444AA4A1C}.Release|Any CPU.Build.0 = Release|Any CPU
	EndGlobalSection
	GlobalSection(SolutionProperties) = preSolution
		HideSolutionNode = FALSE
	EndGlobalSection
	GlobalSection(ExtensibilityGlobals) = postSolution
		SolutionGuid = {5CEC52C4-C031-4125-ACC4-85134304B465}
	EndGlobalSection
EndGlobal
